// !$*UTF8*$!
{
	archiveVersion = 1;
	classes = {
	};
	objectVersion = 50;
	objects = {

/* Begin PBXBuildFile section */
		45783B87254517A6003A38C8 /* AppDelegate.swift in Sources */ = {isa = PBXBuildFile; fileRef = 45783B86254517A6003A38C8 /* AppDelegate.swift */; };
		45783B89254517A6003A38C8 /* SceneDelegate.swift in Sources */ = {isa = PBXBuildFile; fileRef = 45783B88254517A6003A38C8 /* SceneDelegate.swift */; };
		45783B8B254517A6003A38C8 /* ViewController.swift in Sources */ = {isa = PBXBuildFile; fileRef = 45783B8A254517A6003A38C8 /* ViewController.swift */; };
		45783B8E254517A6003A38C8 /* Main.storyboard in Resources */ = {isa = PBXBuildFile; fileRef = 45783B8C254517A6003A38C8 /* Main.storyboard */; };
		45783B90254517A9003A38C8 /* Assets.xcassets in Resources */ = {isa = PBXBuildFile; fileRef = 45783B8F254517A9003A38C8 /* Assets.xcassets */; };
		45783B93254517A9003A38C8 /* LaunchScreen.storyboard in Resources */ = {isa = PBXBuildFile; fileRef = 45783B91254517A9003A38C8 /* LaunchScreen.storyboard */; };
		45783B98254517A9003A38C8 /* Repetitions WatchKit App.app in Embed Watch Content */ = {isa = PBXBuildFile; fileRef = 45783B97254517A9003A38C8 /* Repetitions WatchKit App.app */; settings = {ATTRIBUTES = (RemoveHeadersOnCopy, ); }; };
		45783B9E254517A9003A38C8 /* Interface.storyboard in Resources */ = {isa = PBXBuildFile; fileRef = 45783B9C254517A9003A38C8 /* Interface.storyboard */; };
		45783BA0254517AA003A38C8 /* Assets.xcassets in Resources */ = {isa = PBXBuildFile; fileRef = 45783B9F254517AA003A38C8 /* Assets.xcassets */; };
		45783BA7254517AA003A38C8 /* Repetitions WatchKit Extension.appex in Embed App Extensions */ = {isa = PBXBuildFile; fileRef = 45783BA6254517AA003A38C8 /* Repetitions WatchKit Extension.appex */; settings = {ATTRIBUTES = (RemoveHeadersOnCopy, ); }; };
		45783BAC254517AA003A38C8 /* InterfaceController.swift in Sources */ = {isa = PBXBuildFile; fileRef = 45783BAB254517AA003A38C8 /* InterfaceController.swift */; };
		45783BAE254517AA003A38C8 /* ExtensionDelegate.swift in Sources */ = {isa = PBXBuildFile; fileRef = 45783BAD254517AA003A38C8 /* ExtensionDelegate.swift */; };
		45783BB0254517AA003A38C8 /* NotificationController.swift in Sources */ = {isa = PBXBuildFile; fileRef = 45783BAF254517AA003A38C8 /* NotificationController.swift */; };
		45783BB2254517AB003A38C8 /* Assets.xcassets in Resources */ = {isa = PBXBuildFile; fileRef = 45783BB1254517AB003A38C8 /* Assets.xcassets */; };
		45783BC325451A13003A38C8 /* RowController.swift in Sources */ = {isa = PBXBuildFile; fileRef = 45783BC225451A13003A38C8 /* RowController.swift */; };
		45783BC9254912D3003A38C8 /* ExerciseInterfaceController.swift in Sources */ = {isa = PBXBuildFile; fileRef = 45783BC8254912D3003A38C8 /* ExerciseInterfaceController.swift */; };
		45783BD0254C5389003A38C8 /* ExerciseRowController.swift in Sources */ = {isa = PBXBuildFile; fileRef = 45783BCF254C5389003A38C8 /* ExerciseRowController.swift */; };
		45DC51B42560B97F00C97BD5 /* DetailInterfaceController.swift in Sources */ = {isa = PBXBuildFile; fileRef = 45DC51B32560B97F00C97BD5 /* DetailInterfaceController.swift */; };
		45DC51C92561EBC600C97BD5 /* Routine.swift in Sources */ = {isa = PBXBuildFile; fileRef = 45DC51C82561EBC600C97BD5 /* Routine.swift */; };
		45DC51D12562BEAF00C97BD5 /* Main.swift in Sources */ = {isa = PBXBuildFile; fileRef = 45DC51D02562BEAF00C97BD5 /* Main.swift */; };
/* End PBXBuildFile section */

/* Begin PBXContainerItemProxy section */
		45783B99254517A9003A38C8 /* PBXContainerItemProxy */ = {
			isa = PBXContainerItemProxy;
			containerPortal = 45783B7B254517A6003A38C8 /* Project object */;
			proxyType = 1;
			remoteGlobalIDString = 45783B96254517A9003A38C8;
			remoteInfo = "Repetitions WatchKit App";
		};
		45783BA8254517AA003A38C8 /* PBXContainerItemProxy */ = {
			isa = PBXContainerItemProxy;
			containerPortal = 45783B7B254517A6003A38C8 /* Project object */;
			proxyType = 1;
			remoteGlobalIDString = 45783BA5254517AA003A38C8;
			remoteInfo = "Repetitions WatchKit Extension";
		};
/* End PBXContainerItemProxy section */

/* Begin PBXCopyFilesBuildPhase section */
		45783BBA254517AB003A38C8 /* Embed App Extensions */ = {
			isa = PBXCopyFilesBuildPhase;
			buildActionMask = 2147483647;
			dstPath = "";
			dstSubfolderSpec = 13;
			files = (
				45783BA7254517AA003A38C8 /* Repetitions WatchKit Extension.appex in Embed App Extensions */,
			);
			name = "Embed App Extensions";
			runOnlyForDeploymentPostprocessing = 0;
		};
		45783BBE254517AB003A38C8 /* Embed Watch Content */ = {
			isa = PBXCopyFilesBuildPhase;
			buildActionMask = 2147483647;
			dstPath = "$(CONTENTS_FOLDER_PATH)/Watch";
			dstSubfolderSpec = 16;
			files = (
				45783B98254517A9003A38C8 /* Repetitions WatchKit App.app in Embed Watch Content */,
			);
			name = "Embed Watch Content";
			runOnlyForDeploymentPostprocessing = 0;
		};
/* End PBXCopyFilesBuildPhase section */

/* Begin PBXFileReference section */
		45783B83254517A6003A38C8 /* Repetitions.app */ = {isa = PBXFileReference; explicitFileType = wrapper.application; includeInIndex = 0; path = Repetitions.app; sourceTree = BUILT_PRODUCTS_DIR; };
		45783B86254517A6003A38C8 /* AppDelegate.swift */ = {isa = PBXFileReference; lastKnownFileType = sourcecode.swift; path = AppDelegate.swift; sourceTree = "<group>"; };
		45783B88254517A6003A38C8 /* SceneDelegate.swift */ = {isa = PBXFileReference; lastKnownFileType = sourcecode.swift; path = SceneDelegate.swift; sourceTree = "<group>"; };
		45783B8A254517A6003A38C8 /* ViewController.swift */ = {isa = PBXFileReference; lastKnownFileType = sourcecode.swift; path = ViewController.swift; sourceTree = "<group>"; };
		45783B8D254517A6003A38C8 /* Base */ = {isa = PBXFileReference; lastKnownFileType = file.storyboard; name = Base; path = Base.lproj/Main.storyboard; sourceTree = "<group>"; };
		45783B8F254517A9003A38C8 /* Assets.xcassets */ = {isa = PBXFileReference; lastKnownFileType = folder.assetcatalog; path = Assets.xcassets; sourceTree = "<group>"; };
		45783B92254517A9003A38C8 /* Base */ = {isa = PBXFileReference; lastKnownFileType = file.storyboard; name = Base; path = Base.lproj/LaunchScreen.storyboard; sourceTree = "<group>"; };
		45783B94254517A9003A38C8 /* Info.plist */ = {isa = PBXFileReference; lastKnownFileType = text.plist.xml; path = Info.plist; sourceTree = "<group>"; };
		45783B97254517A9003A38C8 /* Repetitions WatchKit App.app */ = {isa = PBXFileReference; explicitFileType = wrapper.application; includeInIndex = 0; path = "Repetitions WatchKit App.app"; sourceTree = BUILT_PRODUCTS_DIR; };
		45783B9D254517A9003A38C8 /* Base */ = {isa = PBXFileReference; lastKnownFileType = file.storyboard; name = Base; path = Base.lproj/Interface.storyboard; sourceTree = "<group>"; };
		45783B9F254517AA003A38C8 /* Assets.xcassets */ = {isa = PBXFileReference; lastKnownFileType = folder.assetcatalog; path = Assets.xcassets; sourceTree = "<group>"; };
		45783BA1254517AA003A38C8 /* Info.plist */ = {isa = PBXFileReference; lastKnownFileType = text.plist.xml; path = Info.plist; sourceTree = "<group>"; };
		45783BA6254517AA003A38C8 /* Repetitions WatchKit Extension.appex */ = {isa = PBXFileReference; explicitFileType = "wrapper.app-extension"; includeInIndex = 0; path = "Repetitions WatchKit Extension.appex"; sourceTree = BUILT_PRODUCTS_DIR; };
		45783BAB254517AA003A38C8 /* InterfaceController.swift */ = {isa = PBXFileReference; lastKnownFileType = sourcecode.swift; path = InterfaceController.swift; sourceTree = "<group>"; };
		45783BAD254517AA003A38C8 /* ExtensionDelegate.swift */ = {isa = PBXFileReference; lastKnownFileType = sourcecode.swift; path = ExtensionDelegate.swift; sourceTree = "<group>"; };
		45783BAF254517AA003A38C8 /* NotificationController.swift */ = {isa = PBXFileReference; lastKnownFileType = sourcecode.swift; path = NotificationController.swift; sourceTree = "<group>"; };
		45783BB1254517AB003A38C8 /* Assets.xcassets */ = {isa = PBXFileReference; lastKnownFileType = folder.assetcatalog; path = Assets.xcassets; sourceTree = "<group>"; };
		45783BB3254517AB003A38C8 /* Info.plist */ = {isa = PBXFileReference; lastKnownFileType = text.plist.xml; path = Info.plist; sourceTree = "<group>"; };
		45783BB4254517AB003A38C8 /* PushNotificationPayload.apns */ = {isa = PBXFileReference; lastKnownFileType = text; path = PushNotificationPayload.apns; sourceTree = "<group>"; };
		45783BC225451A13003A38C8 /* RowController.swift */ = {isa = PBXFileReference; lastKnownFileType = sourcecode.swift; path = RowController.swift; sourceTree = "<group>"; };
		45783BC8254912D3003A38C8 /* ExerciseInterfaceController.swift */ = {isa = PBXFileReference; lastKnownFileType = sourcecode.swift; path = ExerciseInterfaceController.swift; sourceTree = "<group>"; };
		45783BCF254C5389003A38C8 /* ExerciseRowController.swift */ = {isa = PBXFileReference; lastKnownFileType = sourcecode.swift; path = ExerciseRowController.swift; sourceTree = "<group>"; };
		45DC51B32560B97F00C97BD5 /* DetailInterfaceController.swift */ = {isa = PBXFileReference; lastKnownFileType = sourcecode.swift; path = DetailInterfaceController.swift; sourceTree = "<group>"; };
		45DC51C82561EBC600C97BD5 /* Routine.swift */ = {isa = PBXFileReference; lastKnownFileType = sourcecode.swift; path = Routine.swift; sourceTree = "<group>"; };
		45DC51D02562BEAF00C97BD5 /* Main.swift */ = {isa = PBXFileReference; lastKnownFileType = sourcecode.swift; path = Main.swift; sourceTree = "<group>"; };
/* End PBXFileReference section */

/* Begin PBXFrameworksBuildPhase section */
		45783B80254517A6003A38C8 /* Frameworks */ = {
			isa = PBXFrameworksBuildPhase;
			buildActionMask = 2147483647;
			files = (
			);
			runOnlyForDeploymentPostprocessing = 0;
		};
		45783BA3254517AA003A38C8 /* Frameworks */ = {
			isa = PBXFrameworksBuildPhase;
			buildActionMask = 2147483647;
			files = (
			);
			runOnlyForDeploymentPostprocessing = 0;
		};
/* End PBXFrameworksBuildPhase section */

/* Begin PBXGroup section */
		45783B7A254517A6003A38C8 = {
			isa = PBXGroup;
			children = (
				45783B85254517A6003A38C8 /* Repetitions */,
				45783B9B254517A9003A38C8 /* Repetitions WatchKit App */,
				45783BAA254517AA003A38C8 /* Repetitions WatchKit Extension */,
				45783B84254517A6003A38C8 /* Products */,
			);
			sourceTree = "<group>";
		};
		45783B84254517A6003A38C8 /* Products */ = {
			isa = PBXGroup;
			children = (
				45783B83254517A6003A38C8 /* Repetitions.app */,
				45783B97254517A9003A38C8 /* Repetitions WatchKit App.app */,
				45783BA6254517AA003A38C8 /* Repetitions WatchKit Extension.appex */,
			);
			name = Products;
			sourceTree = "<group>";
		};
		45783B85254517A6003A38C8 /* Repetitions */ = {
			isa = PBXGroup;
			children = (
				45783B86254517A6003A38C8 /* AppDelegate.swift */,
				45783B88254517A6003A38C8 /* SceneDelegate.swift */,
				45783B8A254517A6003A38C8 /* ViewController.swift */,
				45783B8C254517A6003A38C8 /* Main.storyboard */,
				45783B8F254517A9003A38C8 /* Assets.xcassets */,
				45783B91254517A9003A38C8 /* LaunchScreen.storyboard */,
				45783B94254517A9003A38C8 /* Info.plist */,
				45DC51C82561EBC600C97BD5 /* Routine.swift */,
				45DC51D02562BEAF00C97BD5 /* Main.swift */,
			);
			path = Repetitions;
			sourceTree = "<group>";
		};
		45783B9B254517A9003A38C8 /* Repetitions WatchKit App */ = {
			isa = PBXGroup;
			children = (
				45783B9C254517A9003A38C8 /* Interface.storyboard */,
				45783B9F254517AA003A38C8 /* Assets.xcassets */,
				45783BA1254517AA003A38C8 /* Info.plist */,
			);
			path = "Repetitions WatchKit App";
			sourceTree = "<group>";
		};
		45783BAA254517AA003A38C8 /* Repetitions WatchKit Extension */ = {
			isa = PBXGroup;
			children = (
				45783BAB254517AA003A38C8 /* InterfaceController.swift */,
				45783BAD254517AA003A38C8 /* ExtensionDelegate.swift */,
				45783BAF254517AA003A38C8 /* NotificationController.swift */,
				45783BB1254517AB003A38C8 /* Assets.xcassets */,
				45783BB3254517AB003A38C8 /* Info.plist */,
				45783BB4254517AB003A38C8 /* PushNotificationPayload.apns */,
				45783BC225451A13003A38C8 /* RowController.swift */,
				45DC51B32560B97F00C97BD5 /* DetailInterfaceController.swift */,
				45783BC8254912D3003A38C8 /* ExerciseInterfaceController.swift */,
				45783BCF254C5389003A38C8 /* ExerciseRowController.swift */,
			);
			path = "Repetitions WatchKit Extension";
			sourceTree = "<group>";
		};
/* End PBXGroup section */

/* Begin PBXNativeTarget section */
		45783B82254517A6003A38C8 /* Repetitions */ = {
			isa = PBXNativeTarget;
			buildConfigurationList = 45783BBF254517AB003A38C8 /* Build configuration list for PBXNativeTarget "Repetitions" */;
			buildPhases = (
				45783B7F254517A6003A38C8 /* Sources */,
				45783B80254517A6003A38C8 /* Frameworks */,
				45783B81254517A6003A38C8 /* Resources */,
				45783BBE254517AB003A38C8 /* Embed Watch Content */,
			);
			buildRules = (
			);
			dependencies = (
				45783B9A254517A9003A38C8 /* PBXTargetDependency */,
			);
			name = Repetitions;
			productName = Repetitions;
			productReference = 45783B83254517A6003A38C8 /* Repetitions.app */;
			productType = "com.apple.product-type.application";
		};
		45783B96254517A9003A38C8 /* Repetitions WatchKit App */ = {
			isa = PBXNativeTarget;
			buildConfigurationList = 45783BBB254517AB003A38C8 /* Build configuration list for PBXNativeTarget "Repetitions WatchKit App" */;
			buildPhases = (
				45783B95254517A9003A38C8 /* Resources */,
				45783BBA254517AB003A38C8 /* Embed App Extensions */,
			);
			buildRules = (
			);
			dependencies = (
				45783BA9254517AA003A38C8 /* PBXTargetDependency */,
			);
			name = "Repetitions WatchKit App";
			productName = "Repetitions WatchKit App";
			productReference = 45783B97254517A9003A38C8 /* Repetitions WatchKit App.app */;
			productType = "com.apple.product-type.application.watchapp2";
		};
		45783BA5254517AA003A38C8 /* Repetitions WatchKit Extension */ = {
			isa = PBXNativeTarget;
			buildConfigurationList = 45783BB7254517AB003A38C8 /* Build configuration list for PBXNativeTarget "Repetitions WatchKit Extension" */;
			buildPhases = (
				45783BA2254517AA003A38C8 /* Sources */,
				45783BA3254517AA003A38C8 /* Frameworks */,
				45783BA4254517AA003A38C8 /* Resources */,
			);
			buildRules = (
			);
			dependencies = (
			);
			name = "Repetitions WatchKit Extension";
			productName = "Repetitions WatchKit Extension";
			productReference = 45783BA6254517AA003A38C8 /* Repetitions WatchKit Extension.appex */;
			productType = "com.apple.product-type.watchkit2-extension";
		};
/* End PBXNativeTarget section */

/* Begin PBXProject section */
		45783B7B254517A6003A38C8 /* Project object */ = {
			isa = PBXProject;
			attributes = {
				LastSwiftUpdateCheck = 1170;
				LastUpgradeCheck = 1170;
				ORGANIZATIONNAME = "Elias Jaghab";
				TargetAttributes = {
					45783B82254517A6003A38C8 = {
						CreatedOnToolsVersion = 11.7;
					};
					45783B96254517A9003A38C8 = {
						CreatedOnToolsVersion = 11.7;
					};
					45783BA5254517AA003A38C8 = {
						CreatedOnToolsVersion = 11.7;
					};
				};
			};
			buildConfigurationList = 45783B7E254517A6003A38C8 /* Build configuration list for PBXProject "Repetitions" */;
			compatibilityVersion = "Xcode 9.3";
			developmentRegion = en;
			hasScannedForEncodings = 0;
			knownRegions = (
				en,
				Base,
			);
			mainGroup = 45783B7A254517A6003A38C8;
			productRefGroup = 45783B84254517A6003A38C8 /* Products */;
			projectDirPath = "";
			projectRoot = "";
			targets = (
				45783B82254517A6003A38C8 /* Repetitions */,
				45783B96254517A9003A38C8 /* Repetitions WatchKit App */,
				45783BA5254517AA003A38C8 /* Repetitions WatchKit Extension */,
			);
		};
/* End PBXProject section */

/* Begin PBXResourcesBuildPhase section */
		45783B81254517A6003A38C8 /* Resources */ = {
			isa = PBXResourcesBuildPhase;
			buildActionMask = 2147483647;
			files = (
				45783B93254517A9003A38C8 /* LaunchScreen.storyboard in Resources */,
				45783B90254517A9003A38C8 /* Assets.xcassets in Resources */,
				45783B8E254517A6003A38C8 /* Main.storyboard in Resources */,
			);
			runOnlyForDeploymentPostprocessing = 0;
		};
		45783B95254517A9003A38C8 /* Resources */ = {
			isa = PBXResourcesBuildPhase;
			buildActionMask = 2147483647;
			files = (
				45783BA0254517AA003A38C8 /* Assets.xcassets in Resources */,
				45783B9E254517A9003A38C8 /* Interface.storyboard in Resources */,
			);
			runOnlyForDeploymentPostprocessing = 0;
		};
		45783BA4254517AA003A38C8 /* Resources */ = {
			isa = PBXResourcesBuildPhase;
			buildActionMask = 2147483647;
			files = (
				45783BB2254517AB003A38C8 /* Assets.xcassets in Resources */,
			);
			runOnlyForDeploymentPostprocessing = 0;
		};
/* End PBXResourcesBuildPhase section */

/* Begin PBXSourcesBuildPhase section */
		45783B7F254517A6003A38C8 /* Sources */ = {
			isa = PBXSourcesBuildPhase;
			buildActionMask = 2147483647;
			files = (
				45DC51D12562BEAF00C97BD5 /* Main.swift in Sources */,
				45783B8B254517A6003A38C8 /* ViewController.swift in Sources */,
				45783B87254517A6003A38C8 /* AppDelegate.swift in Sources */,
				45DC51C92561EBC600C97BD5 /* Routine.swift in Sources */,
				45783B89254517A6003A38C8 /* SceneDelegate.swift in Sources */,
			);
			runOnlyForDeploymentPostprocessing = 0;
		};
		45783BA2254517AA003A38C8 /* Sources */ = {
			isa = PBXSourcesBuildPhase;
			buildActionMask = 2147483647;
			files = (
				45783BB0254517AA003A38C8 /* NotificationController.swift in Sources */,
				45783BAE254517AA003A38C8 /* ExtensionDelegate.swift in Sources */,
				45783BC325451A13003A38C8 /* RowController.swift in Sources */,
				45783BAC254517AA003A38C8 /* InterfaceController.swift in Sources */,
				45783BD0254C5389003A38C8 /* ExerciseRowController.swift in Sources */,
				45783BC9254912D3003A38C8 /* ExerciseInterfaceController.swift in Sources */,
				45DC51B42560B97F00C97BD5 /* DetailInterfaceController.swift in Sources */,
			);
			runOnlyForDeploymentPostprocessing = 0;
		};
/* End PBXSourcesBuildPhase section */

/* Begin PBXTargetDependency section */
		45783B9A254517A9003A38C8 /* PBXTargetDependency */ = {
			isa = PBXTargetDependency;
			target = 45783B96254517A9003A38C8 /* Repetitions WatchKit App */;
			targetProxy = 45783B99254517A9003A38C8 /* PBXContainerItemProxy */;
		};
		45783BA9254517AA003A38C8 /* PBXTargetDependency */ = {
			isa = PBXTargetDependency;
			target = 45783BA5254517AA003A38C8 /* Repetitions WatchKit Extension */;
			targetProxy = 45783BA8254517AA003A38C8 /* PBXContainerItemProxy */;
		};
/* End PBXTargetDependency section */

/* Begin PBXVariantGroup section */
		45783B8C254517A6003A38C8 /* Main.storyboard */ = {
			isa = PBXVariantGroup;
			children = (
				45783B8D254517A6003A38C8 /* Base */,
			);
			name = Main.storyboard;
			sourceTree = "<group>";
		};
		45783B91254517A9003A38C8 /* LaunchScreen.storyboard */ = {
			isa = PBXVariantGroup;
			children = (
				45783B92254517A9003A38C8 /* Base */,
			);
			name = LaunchScreen.storyboard;
			sourceTree = "<group>";
		};
		45783B9C254517A9003A38C8 /* Interface.storyboard */ = {
			isa = PBXVariantGroup;
			children = (
				45783B9D254517A9003A38C8 /* Base */,
			);
			name = Interface.storyboard;
			sourceTree = "<group>";
		};
/* End PBXVariantGroup section */

/* Begin XCBuildConfiguration section */
		45783BB5254517AB003A38C8 /* Debug */ = {
			isa = XCBuildConfiguration;
			buildSettings = {
				ALWAYS_SEARCH_USER_PATHS = NO;
				CLANG_ANALYZER_NONNULL = YES;
				CLANG_ANALYZER_NUMBER_OBJECT_CONVERSION = YES_AGGRESSIVE;
				CLANG_CXX_LANGUAGE_STANDARD = "gnu++14";
				CLANG_CXX_LIBRARY = "libc++";
				CLANG_ENABLE_MODULES = YES;
				CLANG_ENABLE_OBJC_ARC = YES;
				CLANG_ENABLE_OBJC_WEAK = YES;
				CLANG_WARN_BLOCK_CAPTURE_AUTORELEASING = YES;
				CLANG_WARN_BOOL_CONVERSION = YES;
				CLANG_WARN_COMMA = YES;
				CLANG_WARN_CONSTANT_CONVERSION = YES;
				CLANG_WARN_DEPRECATED_OBJC_IMPLEMENTATIONS = YES;
				CLANG_WARN_DIRECT_OBJC_ISA_USAGE = YES_ERROR;
				CLANG_WARN_DOCUMENTATION_COMMENTS = YES;
				CLANG_WARN_EMPTY_BODY = YES;
				CLANG_WARN_ENUM_CONVERSION = YES;
				CLANG_WARN_INFINITE_RECURSION = YES;
				CLANG_WARN_INT_CONVERSION = YES;
				CLANG_WARN_NON_LITERAL_NULL_CONVERSION = YES;
				CLANG_WARN_OBJC_IMPLICIT_RETAIN_SELF = YES;
				CLANG_WARN_OBJC_LITERAL_CONVERSION = YES;
				CLANG_WARN_OBJC_ROOT_CLASS = YES_ERROR;
				CLANG_WARN_RANGE_LOOP_ANALYSIS = YES;
				CLANG_WARN_STRICT_PROTOTYPES = YES;
				CLANG_WARN_SUSPICIOUS_MOVE = YES;
				CLANG_WARN_UNGUARDED_AVAILABILITY = YES_AGGRESSIVE;
				CLANG_WARN_UNREACHABLE_CODE = YES;
				CLANG_WARN__DUPLICATE_METHOD_MATCH = YES;
				COPY_PHASE_STRIP = NO;
				DEBUG_INFORMATION_FORMAT = dwarf;
				ENABLE_STRICT_OBJC_MSGSEND = YES;
				ENABLE_TESTABILITY = YES;
				GCC_C_LANGUAGE_STANDARD = gnu11;
				GCC_DYNAMIC_NO_PIC = NO;
				GCC_NO_COMMON_BLOCKS = YES;
				GCC_OPTIMIZATION_LEVEL = 0;
				GCC_PREPROCESSOR_DEFINITIONS = (
					"DEBUG=1",
					"$(inherited)",
				);
				GCC_WARN_64_TO_32_BIT_CONVERSION = YES;
				GCC_WARN_ABOUT_RETURN_TYPE = YES_ERROR;
				GCC_WARN_UNDECLARED_SELECTOR = YES;
				GCC_WARN_UNINITIALIZED_AUTOS = YES_AGGRESSIVE;
				GCC_WARN_UNUSED_FUNCTION = YES;
				GCC_WARN_UNUSED_VARIABLE = YES;
				IPHONEOS_DEPLOYMENT_TARGET = 13.7;
				MTL_ENABLE_DEBUG_INFO = INCLUDE_SOURCE;
				MTL_FAST_MATH = YES;
				ONLY_ACTIVE_ARCH = YES;
				SDKROOT = iphoneos;
				SWIFT_ACTIVE_COMPILATION_CONDITIONS = DEBUG;
				SWIFT_OPTIMIZATION_LEVEL = "-Onone";
			};
			name = Debug;
		};
		45783BB6254517AB003A38C8 /* Release */ = {
			isa = XCBuildConfiguration;
			buildSettings = {
				ALWAYS_SEARCH_USER_PATHS = NO;
				CLANG_ANALYZER_NONNULL = YES;
				CLANG_ANALYZER_NUMBER_OBJECT_CONVERSION = YES_AGGRESSIVE;
				CLANG_CXX_LANGUAGE_STANDARD = "gnu++14";
				CLANG_CXX_LIBRARY = "libc++";
				CLANG_ENABLE_MODULES = YES;
				CLANG_ENABLE_OBJC_ARC = YES;
				CLANG_ENABLE_OBJC_WEAK = YES;
				CLANG_WARN_BLOCK_CAPTURE_AUTORELEASING = YES;
				CLANG_WARN_BOOL_CONVERSION = YES;
				CLANG_WARN_COMMA = YES;
				CLANG_WARN_CONSTANT_CONVERSION = YES;
				CLANG_WARN_DEPRECATED_OBJC_IMPLEMENTATIONS = YES;
				CLANG_WARN_DIRECT_OBJC_ISA_USAGE = YES_ERROR;
				CLANG_WARN_DOCUMENTATION_COMMENTS = YES;
				CLANG_WARN_EMPTY_BODY = YES;
				CLANG_WARN_ENUM_CONVERSION = YES;
				CLANG_WARN_INFINITE_RECURSION = YES;
				CLANG_WARN_INT_CONVERSION = YES;
				CLANG_WARN_NON_LITERAL_NULL_CONVERSION = YES;
				CLANG_WARN_OBJC_IMPLICIT_RETAIN_SELF = YES;
				CLANG_WARN_OBJC_LITERAL_CONVERSION = YES;
				CLANG_WARN_OBJC_ROOT_CLASS = YES_ERROR;
				CLANG_WARN_RANGE_LOOP_ANALYSIS = YES;
				CLANG_WARN_STRICT_PROTOTYPES = YES;
				CLANG_WARN_SUSPICIOUS_MOVE = YES;
				CLANG_WARN_UNGUARDED_AVAILABILITY = YES_AGGRESSIVE;
				CLANG_WARN_UNREACHABLE_CODE = YES;
				CLANG_WARN__DUPLICATE_METHOD_MATCH = YES;
				COPY_PHASE_STRIP = NO;
				DEBUG_INFORMATION_FORMAT = "dwarf-with-dsym";
				ENABLE_NS_ASSERTIONS = NO;
				ENABLE_STRICT_OBJC_MSGSEND = YES;
				GCC_C_LANGUAGE_STANDARD = gnu11;
				GCC_NO_COMMON_BLOCKS = YES;
				GCC_WARN_64_TO_32_BIT_CONVERSION = YES;
				GCC_WARN_ABOUT_RETURN_TYPE = YES_ERROR;
				GCC_WARN_UNDECLARED_SELECTOR = YES;
				GCC_WARN_UNINITIALIZED_AUTOS = YES_AGGRESSIVE;
				GCC_WARN_UNUSED_FUNCTION = YES;
				GCC_WARN_UNUSED_VARIABLE = YES;
				IPHONEOS_DEPLOYMENT_TARGET = 13.7;
				MTL_ENABLE_DEBUG_INFO = NO;
				MTL_FAST_MATH = YES;
				SDKROOT = iphoneos;
				SWIFT_COMPILATION_MODE = wholemodule;
				SWIFT_OPTIMIZATION_LEVEL = "-O";
				VALIDATE_PRODUCT = YES;
			};
			name = Release;
		};
		45783BB8254517AB003A38C8 /* Debug */ = {
			isa = XCBuildConfiguration;
			buildSettings = {
				ASSETCATALOG_COMPILER_COMPLICATION_NAME = Complication;
				CODE_SIGN_STYLE = Automatic;
				INFOPLIST_FILE = "Repetitions WatchKit Extension/Info.plist";
				LD_RUNPATH_SEARCH_PATHS = (
					"$(inherited)",
					"@executable_path/Frameworks",
					"@executable_path/../../Frameworks",
				);
				PRODUCT_BUNDLE_IDENTIFIER = "Villanova-University.Repetitions.watchkitapp.watchkitextension";
				PRODUCT_NAME = "${TARGET_NAME}";
				SDKROOT = watchos;
				SKIP_INSTALL = YES;
				SWIFT_VERSION = 5.0;
				TARGETED_DEVICE_FAMILY = 4;
				WATCHOS_DEPLOYMENT_TARGET = 6.2;
			};
			name = Debug;
		};
		45783BB9254517AB003A38C8 /* Release */ = {
			isa = XCBuildConfiguration;
			buildSettings = {
				ASSETCATALOG_COMPILER_COMPLICATION_NAME = Complication;
				CODE_SIGN_STYLE = Automatic;
				INFOPLIST_FILE = "Repetitions WatchKit Extension/Info.plist";
				LD_RUNPATH_SEARCH_PATHS = (
					"$(inherited)",
					"@executable_path/Frameworks",
					"@executable_path/../../Frameworks",
				);
				PRODUCT_BUNDLE_IDENTIFIER = "Villanova-University.Repetitions.watchkitapp.watchkitextension";
				PRODUCT_NAME = "${TARGET_NAME}";
				SDKROOT = watchos;
				SKIP_INSTALL = YES;
				SWIFT_VERSION = 5.0;
				TARGETED_DEVICE_FAMILY = 4;
				WATCHOS_DEPLOYMENT_TARGET = 6.2;
			};
			name = Release;
		};
		45783BBC254517AB003A38C8 /* Debug */ = {
			isa = XCBuildConfiguration;
			buildSettings = {
				ALWAYS_EMBED_SWIFT_STANDARD_LIBRARIES = YES;
				ASSETCATALOG_COMPILER_APPICON_NAME = AppIcon;
				CODE_SIGN_STYLE = Automatic;
				IBSC_MODULE = Repetitions_WatchKit_Extension;
				INFOPLIST_FILE = "Repetitions WatchKit App/Info.plist";
				PRODUCT_BUNDLE_IDENTIFIER = "Villanova-University.Repetitions.watchkitapp";
				PRODUCT_NAME = "$(TARGET_NAME)";
				SDKROOT = watchos;
				SKIP_INSTALL = YES;
				SWIFT_VERSION = 5.0;
				TARGETED_DEVICE_FAMILY = 4;
				WATCHOS_DEPLOYMENT_TARGET = 6.2;
			};
			name = Debug;
		};
		45783BBD254517AB003A38C8 /* Release */ = {
			isa = XCBuildConfiguration;
			buildSettings = {
				ALWAYS_EMBED_SWIFT_STANDARD_LIBRARIES = YES;
				ASSETCATALOG_COMPILER_APPICON_NAME = AppIcon;
				CODE_SIGN_STYLE = Automatic;
				IBSC_MODULE = Repetitions_WatchKit_Extension;
				INFOPLIST_FILE = "Repetitions WatchKit App/Info.plist";
				PRODUCT_BUNDLE_IDENTIFIER = "Villanova-University.Repetitions.watchkitapp";
				PRODUCT_NAME = "$(TARGET_NAME)";
				SDKROOT = watchos;
				SKIP_INSTALL = YES;
				SWIFT_VERSION = 5.0;
				TARGETED_DEVICE_FAMILY = 4;
				WATCHOS_DEPLOYMENT_TARGET = 6.2;
			};
			name = Release;
		};
		45783BC0254517AB003A38C8 /* Debug */ = {
			isa = XCBuildConfiguration;
			buildSettings = {
				ASSETCATALOG_COMPILER_APPICON_NAME = AppIcon;
				CODE_SIGN_STYLE = Automatic;
				INFOPLIST_FILE = Repetitions/Info.plist;
				LD_RUNPATH_SEARCH_PATHS = (
					"$(inherited)",
					"@executable_path/Frameworks",
				);
				PRODUCT_BUNDLE_IDENTIFIER = "Villanova-University.Repetitions";
				PRODUCT_NAME = "$(TARGET_NAME)";
				SWIFT_VERSION = 5.0;
				TARGETED_DEVICE_FAMILY = "1,2";
			};
			name = Debug;
		};
		45783BC1254517AB003A38C8 /* Release */ = {
			isa = XCBuildConfiguration;
			buildSettings = {
				ASSETCATALOG_COMPILER_APPICON_NAME = AppIcon;
				CODE_SIGN_STYLE = Automatic;
				INFOPLIST_FILE = Repetitions/Info.plist;
				LD_RUNPATH_SEARCH_PATHS = (
					"$(inherited)",
					"@executable_path/Frameworks",
				);
				PRODUCT_BUNDLE_IDENTIFIER = "Villanova-University.Repetitions";
				PRODUCT_NAME = "$(TARGET_NAME)";
				SWIFT_VERSION = 5.0;
				TARGETED_DEVICE_FAMILY = "1,2";
			};
			name = Release;
		};
/* End XCBuildConfiguration section */

/* Begin XCConfigurationList section */
		45783B7E254517A6003A38C8 /* Build configuration list for PBXProject "Repetitions" */ = {
			isa = XCConfigurationList;
			buildConfigurations = (
				45783BB5254517AB003A38C8 /* Debug */,
				45783BB6254517AB003A38C8 /* Release */,
			);
			defaultConfigurationIsVisible = 0;
			defaultConfigurationName = Release;
		};
		45783BB7254517AB003A38C8 /* Build configuration list for PBXNativeTarget "Repetitions WatchKit Extension" */ = {
			isa = XCConfigurationList;
			buildConfigurations = (
				45783BB8254517AB003A38C8 /* Debug */,
				45783BB9254517AB003A38C8 /* Release */,
			);
			defaultConfigurationIsVisible = 0;
			defaultConfigurationName = Release;
		};
		45783BBB254517AB003A38C8 /* Build configuration list for PBXNativeTarget "Repetitions WatchKit App" */ = {
			isa = XCConfigurationList;
			buildConfigurations = (
				45783BBC254517AB003A38C8 /* Debug */,
				45783BBD254517AB003A38C8 /* Release */,
			);
			defaultConfigurationIsVisible = 0;
			defaultConfigurationName = Release;
		};
		45783BBF254517AB003A38C8 /* Build configuration list for PBXNativeTarget "Repetitions" */ = {
			isa = XCConfigurationList;
			buildConfigurations = (
				45783BC0254517AB003A38C8 /* Debug */,
				45783BC1254517AB003A38C8 /* Release */,
			);
			defaultConfigurationIsVisible = 0;
			defaultConfigurationName = Release;
		};
/* End XCConfigurationList section */
	};
	rootObject = 45783B7B254517A6003A38C8 /* Project object */;
}
